# This file is automatically @generated by Cargo.
# It is not intended for manual editing.
version = 4

[[package]]
name = "alopex-cli"
version = "0.1.0"

[[package]]
name = "alopex-cluster"
version = "0.1.0"

[[package]]
name = "alopex-core"
version = "0.1.0"

[[package]]
name = "alopex-embedded"
version = "0.1.0"

[[package]]
name = "alopex-server"
version = "0.1.0"

[[package]]
name = "alopex-sql"
version = "0.1.0"

[[package]]
name = "alopex-tools"
version = "0.1.0"
